// !$*UTF8*$!
{
	archiveVersion = 1;
	classes = {
	};
	objectVersion = 55;
	objects = {

/* Begin PBXBuildFile section */
		1D929B962A9527FA000DA7D2 /* PrintTicketTests.swift in Sources */ = {isa = PBXBuildFile; fileRef = 1D929B952A9527FA000DA7D2 /* PrintTicketTests.swift */; };
		1D929B9D2A952A38000DA7D2 /* TicketInteractor.swift in Sources */ = {isa = PBXBuildFile; fileRef = 1D929B9C2A952A38000DA7D2 /* TicketInteractor.swift */; };
		1DDF144F2A744CAF00811466 /* AppDelegate.swift in Sources */ = {isa = PBXBuildFile; fileRef = 1DDF144E2A744CAF00811466 /* AppDelegate.swift */; };
		1DDF14512A744CAF00811466 /* SceneDelegate.swift in Sources */ = {isa = PBXBuildFile; fileRef = 1DDF14502A744CAF00811466 /* SceneDelegate.swift */; };
		1DDF14532A744CAF00811466 /* ViewController.swift in Sources */ = {isa = PBXBuildFile; fileRef = 1DDF14522A744CAF00811466 /* ViewController.swift */; };
		1DDF14562A744CAF00811466 /* Main.storyboard in Resources */ = {isa = PBXBuildFile; fileRef = 1DDF14542A744CAF00811466 /* Main.storyboard */; };
		1DDF14582A744CB100811466 /* Assets.xcassets in Resources */ = {isa = PBXBuildFile; fileRef = 1DDF14572A744CB100811466 /* Assets.xcassets */; };
		1DDF145B2A744CB100811466 /* LaunchScreen.storyboard in Resources */ = {isa = PBXBuildFile; fileRef = 1DDF14592A744CB100811466 /* LaunchScreen.storyboard */; };
		E1557BA1D96222124BBBECD6 /* Pods_PrintTicket.framework in Frameworks */ = {isa = PBXBuildFile; fileRef = D08C705047C174136AA1522C /* Pods_PrintTicket.framework */; };
		F2C344602A7B152D00A6CB2D /* Date.swift in Sources */ = {isa = PBXBuildFile; fileRef = F2C3445F2A7B152D00A6CB2D /* Date.swift */; };
		F2C344622A7B15E900A6CB2D /* ScannerViewController.swift in Sources */ = {isa = PBXBuildFile; fileRef = F2C344612A7B15E900A6CB2D /* ScannerViewController.swift */; };
		F2C344642A7B1D4B00A6CB2D /* ResultViewController.swift in Sources */ = {isa = PBXBuildFile; fileRef = F2C344632A7B1D4B00A6CB2D /* ResultViewController.swift */; };
		F2C344662A7B284500A6CB2D /* Double.swift in Sources */ = {isa = PBXBuildFile; fileRef = F2C344652A7B284500A6CB2D /* Double.swift */; };
		F2C344682A7B2B7E00A6CB2D /* String.swift in Sources */ = {isa = PBXBuildFile; fileRef = F2C344672A7B2B7E00A6CB2D /* String.swift */; };
/* End PBXBuildFile section */

/* Begin PBXContainerItemProxy section */
		1D929B972A9527FA000DA7D2 /* PBXContainerItemProxy */ = {
			isa = PBXContainerItemProxy;
			containerPortal = 1DDF14432A744CAF00811466 /* Project object */;
			proxyType = 1;
			remoteGlobalIDString = 1DDF144A2A744CAF00811466;
			remoteInfo = PrintTicket;
		};
/* End PBXContainerItemProxy section */

/* Begin PBXFileReference section */
		1D929B932A9527FA000DA7D2 /* PrintTicketTests.xctest */ = {isa = PBXFileReference; explicitFileType = wrapper.cfbundle; includeInIndex = 0; path = PrintTicketTests.xctest; sourceTree = BUILT_PRODUCTS_DIR; };
		1D929B952A9527FA000DA7D2 /* PrintTicketTests.swift */ = {isa = PBXFileReference; lastKnownFileType = sourcecode.swift; path = PrintTicketTests.swift; sourceTree = "<group>"; };
		1D929B9C2A952A38000DA7D2 /* TicketInteractor.swift */ = {isa = PBXFileReference; lastKnownFileType = sourcecode.swift; path = TicketInteractor.swift; sourceTree = "<group>"; };
		1DDF144B2A744CAF00811466 /* PrintTicket.app */ = {isa = PBXFileReference; explicitFileType = wrapper.application; includeInIndex = 0; path = PrintTicket.app; sourceTree = BUILT_PRODUCTS_DIR; };
		1DDF144E2A744CAF00811466 /* AppDelegate.swift */ = {isa = PBXFileReference; lastKnownFileType = sourcecode.swift; path = AppDelegate.swift; sourceTree = "<group>"; };
		1DDF14502A744CAF00811466 /* SceneDelegate.swift */ = {isa = PBXFileReference; lastKnownFileType = sourcecode.swift; path = SceneDelegate.swift; sourceTree = "<group>"; };
		1DDF14522A744CAF00811466 /* ViewController.swift */ = {isa = PBXFileReference; lastKnownFileType = sourcecode.swift; path = ViewController.swift; sourceTree = "<group>"; };
		1DDF14552A744CAF00811466 /* Base */ = {isa = PBXFileReference; lastKnownFileType = file.storyboard; name = Base; path = Base.lproj/Main.storyboard; sourceTree = "<group>"; };
		1DDF14572A744CB100811466 /* Assets.xcassets */ = {isa = PBXFileReference; lastKnownFileType = folder.assetcatalog; path = Assets.xcassets; sourceTree = "<group>"; };
		1DDF145A2A744CB100811466 /* Base */ = {isa = PBXFileReference; lastKnownFileType = file.storyboard; name = Base; path = Base.lproj/LaunchScreen.storyboard; sourceTree = "<group>"; };
		1DDF145C2A744CB100811466 /* Info.plist */ = {isa = PBXFileReference; lastKnownFileType = text.plist.xml; path = Info.plist; sourceTree = "<group>"; };
		635096FCDADDD1DBC1773CC0 /* Pods-PrintTicket.release.xcconfig */ = {isa = PBXFileReference; includeInIndex = 1; lastKnownFileType = text.xcconfig; name = "Pods-PrintTicket.release.xcconfig"; path = "Target Support Files/Pods-PrintTicket/Pods-PrintTicket.release.xcconfig"; sourceTree = "<group>"; };
		89C7F9A9FF9110755D885852 /* Pods-PrintTicket.debug.xcconfig */ = {isa = PBXFileReference; includeInIndex = 1; lastKnownFileType = text.xcconfig; name = "Pods-PrintTicket.debug.xcconfig"; path = "Target Support Files/Pods-PrintTicket/Pods-PrintTicket.debug.xcconfig"; sourceTree = "<group>"; };
		D08C705047C174136AA1522C /* Pods_PrintTicket.framework */ = {isa = PBXFileReference; explicitFileType = wrapper.framework; includeInIndex = 0; path = Pods_PrintTicket.framework; sourceTree = BUILT_PRODUCTS_DIR; };
		F2C3445F2A7B152D00A6CB2D /* Date.swift */ = {isa = PBXFileReference; lastKnownFileType = sourcecode.swift; path = Date.swift; sourceTree = "<group>"; };
		F2C344612A7B15E900A6CB2D /* ScannerViewController.swift */ = {isa = PBXFileReference; lastKnownFileType = sourcecode.swift; path = ScannerViewController.swift; sourceTree = "<group>"; };
		F2C344632A7B1D4B00A6CB2D /* ResultViewController.swift */ = {isa = PBXFileReference; lastKnownFileType = sourcecode.swift; path = ResultViewController.swift; sourceTree = "<group>"; };
		F2C344652A7B284500A6CB2D /* Double.swift */ = {isa = PBXFileReference; lastKnownFileType = sourcecode.swift; path = Double.swift; sourceTree = "<group>"; };
		F2C344672A7B2B7E00A6CB2D /* String.swift */ = {isa = PBXFileReference; lastKnownFileType = sourcecode.swift; path = String.swift; sourceTree = "<group>"; };
/* End PBXFileReference section */

/* Begin PBXFrameworksBuildPhase section */
		1D929B902A9527FA000DA7D2 /* Frameworks */ = {
			isa = PBXFrameworksBuildPhase;
			buildActionMask = 2147483647;
			files = (
			);
			runOnlyForDeploymentPostprocessing = 0;
		};
		1DDF14482A744CAF00811466 /* Frameworks */ = {
			isa = PBXFrameworksBuildPhase;
			buildActionMask = 2147483647;
			files = (
				E1557BA1D96222124BBBECD6 /* Pods_PrintTicket.framework in Frameworks */,
			);
			runOnlyForDeploymentPostprocessing = 0;
		};
/* End PBXFrameworksBuildPhase section */

/* Begin PBXGroup section */
		1D929B942A9527FA000DA7D2 /* PrintTicketTests */ = {
			isa = PBXGroup;
			children = (
				1D929B952A9527FA000DA7D2 /* PrintTicketTests.swift */,
			);
			path = PrintTicketTests;
			sourceTree = "<group>";
		};
		1DDF14422A744CAF00811466 = {
			isa = PBXGroup;
			children = (
				1DDF144D2A744CAF00811466 /* PrintTicket */,
				1D929B942A9527FA000DA7D2 /* PrintTicketTests */,
				1DDF144C2A744CAF00811466 /* Products */,
				BCBB3B2A71AD921E949962B2 /* Pods */,
				850913E49093D6345E90FAE0 /* Frameworks */,
			);
			sourceTree = "<group>";
		};
		1DDF144C2A744CAF00811466 /* Products */ = {
			isa = PBXGroup;
			children = (
				1DDF144B2A744CAF00811466 /* PrintTicket.app */,
				1D929B932A9527FA000DA7D2 /* PrintTicketTests.xctest */,
			);
			name = Products;
			sourceTree = "<group>";
		};
		1DDF144D2A744CAF00811466 /* PrintTicket */ = {
			isa = PBXGroup;
			children = (
				F2C3445E2A7B151B00A6CB2D /* Extension */,
				1DDF144E2A744CAF00811466 /* AppDelegate.swift */,
				1DDF14502A744CAF00811466 /* SceneDelegate.swift */,
				1DDF14522A744CAF00811466 /* ViewController.swift */,
				1D929B9C2A952A38000DA7D2 /* TicketInteractor.swift */,
				F2C344612A7B15E900A6CB2D /* ScannerViewController.swift */,
				F2C344632A7B1D4B00A6CB2D /* ResultViewController.swift */,
				1DDF14542A744CAF00811466 /* Main.storyboard */,
				1DDF14572A744CB100811466 /* Assets.xcassets */,
				1DDF14592A744CB100811466 /* LaunchScreen.storyboard */,
				1DDF145C2A744CB100811466 /* Info.plist */,
			);
			path = PrintTicket;
			sourceTree = "<group>";
		};
		850913E49093D6345E90FAE0 /* Frameworks */ = {
			isa = PBXGroup;
			children = (
				D08C705047C174136AA1522C /* Pods_PrintTicket.framework */,
			);
			name = Frameworks;
			sourceTree = "<group>";
		};
		BCBB3B2A71AD921E949962B2 /* Pods */ = {
			isa = PBXGroup;
			children = (
				89C7F9A9FF9110755D885852 /* Pods-PrintTicket.debug.xcconfig */,
				635096FCDADDD1DBC1773CC0 /* Pods-PrintTicket.release.xcconfig */,
			);
			path = Pods;
			sourceTree = "<group>";
		};
		F2C3445E2A7B151B00A6CB2D /* Extension */ = {
			isa = PBXGroup;
			children = (
				F2C3445F2A7B152D00A6CB2D /* Date.swift */,
				F2C344652A7B284500A6CB2D /* Double.swift */,
				F2C344672A7B2B7E00A6CB2D /* String.swift */,
			);
			path = Extension;
			sourceTree = "<group>";
		};
/* End PBXGroup section */

/* Begin PBXNativeTarget section */
		1D929B922A9527FA000DA7D2 /* PrintTicketTests */ = {
			isa = PBXNativeTarget;
			buildConfigurationList = 1D929B9B2A9527FA000DA7D2 /* Build configuration list for PBXNativeTarget "PrintTicketTests" */;
			buildPhases = (
				1D929B8F2A9527FA000DA7D2 /* Sources */,
				1D929B902A9527FA000DA7D2 /* Frameworks */,
				1D929B912A9527FA000DA7D2 /* Resources */,
			);
			buildRules = (
			);
			dependencies = (
				1D929B982A9527FA000DA7D2 /* PBXTargetDependency */,
			);
			name = PrintTicketTests;
			productName = PrintTicketTests;
			productReference = 1D929B932A9527FA000DA7D2 /* PrintTicketTests.xctest */;
			productType = "com.apple.product-type.bundle.unit-test";
		};
		1DDF144A2A744CAF00811466 /* PrintTicket */ = {
			isa = PBXNativeTarget;
			buildConfigurationList = 1DDF145F2A744CB100811466 /* Build configuration list for PBXNativeTarget "PrintTicket" */;
			buildPhases = (
				41FA8182224A189A658FCC4E /* [CP] Check Pods Manifest.lock */,
				1DDF14472A744CAF00811466 /* Sources */,
				1DDF14482A744CAF00811466 /* Frameworks */,
				1DDF14492A744CAF00811466 /* Resources */,
				3C78AC84F1E32CF4D28A0EAB /* [CP] Embed Pods Frameworks */,
			);
			buildRules = (
			);
			dependencies = (
			);
			name = PrintTicket;
			productName = PrintTicket;
			productReference = 1DDF144B2A744CAF00811466 /* PrintTicket.app */;
			productType = "com.apple.product-type.application";
		};
/* End PBXNativeTarget section */

/* Begin PBXProject section */
		1DDF14432A744CAF00811466 /* Project object */ = {
			isa = PBXProject;
			attributes = {
				BuildIndependentTargetsInParallel = 1;
				LastSwiftUpdateCheck = 1430;
				LastUpgradeCheck = 1430;
				TargetAttributes = {
					1D929B922A9527FA000DA7D2 = {
						CreatedOnToolsVersion = 14.3.1;
						TestTargetID = 1DDF144A2A744CAF00811466;
					};
					1DDF144A2A744CAF00811466 = {
						CreatedOnToolsVersion = 14.3.1;
					};
				};
			};
			buildConfigurationList = 1DDF14462A744CAF00811466 /* Build configuration list for PBXProject "PrintTicket" */;
			compatibilityVersion = "Xcode 13.0";
			developmentRegion = en;
			hasScannedForEncodings = 0;
			knownRegions = (
				en,
				Base,
			);
			mainGroup = 1DDF14422A744CAF00811466;
			productRefGroup = 1DDF144C2A744CAF00811466 /* Products */;
			projectDirPath = "";
			projectRoot = "";
			targets = (
				1DDF144A2A744CAF00811466 /* PrintTicket */,
				1D929B922A9527FA000DA7D2 /* PrintTicketTests */,
			);
		};
/* End PBXProject section */

/* Begin PBXResourcesBuildPhase section */
		1D929B912A9527FA000DA7D2 /* Resources */ = {
			isa = PBXResourcesBuildPhase;
			buildActionMask = 2147483647;
			files = (
			);
			runOnlyForDeploymentPostprocessing = 0;
		};
		1DDF14492A744CAF00811466 /* Resources */ = {
			isa = PBXResourcesBuildPhase;
			buildActionMask = 2147483647;
			files = (
				1DDF145B2A744CB100811466 /* LaunchScreen.storyboard in Resources */,
				1DDF14582A744CB100811466 /* Assets.xcassets in Resources */,
				1DDF14562A744CAF00811466 /* Main.storyboard in Resources */,
			);
			runOnlyForDeploymentPostprocessing = 0;
		};
/* End PBXResourcesBuildPhase section */

/* Begin PBXShellScriptBuildPhase section */
		3C78AC84F1E32CF4D28A0EAB /* [CP] Embed Pods Frameworks */ = {
			isa = PBXShellScriptBuildPhase;
			buildActionMask = 2147483647;
			files = (
			);
			inputFileListPaths = (
				"${PODS_ROOT}/Target Support Files/Pods-PrintTicket/Pods-PrintTicket-frameworks-${CONFIGURATION}-input-files.xcfilelist",
			);
			name = "[CP] Embed Pods Frameworks";
			outputFileListPaths = (
				"${PODS_ROOT}/Target Support Files/Pods-PrintTicket/Pods-PrintTicket-frameworks-${CONFIGURATION}-output-files.xcfilelist",
			);
			runOnlyForDeploymentPostprocessing = 0;
			shellPath = /bin/sh;
			shellScript = "\"${PODS_ROOT}/Target Support Files/Pods-PrintTicket/Pods-PrintTicket-frameworks.sh\"\n";
			showEnvVarsInLog = 0;
		};
		41FA8182224A189A658FCC4E /* [CP] Check Pods Manifest.lock */ = {
			isa = PBXShellScriptBuildPhase;
			buildActionMask = 2147483647;
			files = (
			);
			inputFileListPaths = (
			);
			inputPaths = (
				"${PODS_PODFILE_DIR_PATH}/Podfile.lock",
				"${PODS_ROOT}/Manifest.lock",
			);
			name = "[CP] Check Pods Manifest.lock";
			outputFileListPaths = (
			);
			outputPaths = (
				"$(DERIVED_FILE_DIR)/Pods-PrintTicket-checkManifestLockResult.txt",
			);
			runOnlyForDeploymentPostprocessing = 0;
			shellPath = /bin/sh;
			shellScript = "diff \"${PODS_PODFILE_DIR_PATH}/Podfile.lock\" \"${PODS_ROOT}/Manifest.lock\" > /dev/null\nif [ $? != 0 ] ; then\n    # print error to STDERR\n    echo \"error: The sandbox is not in sync with the Podfile.lock. Run 'pod install' or update your CocoaPods installation.\" >&2\n    exit 1\nfi\n# This output is used by Xcode 'outputs' to avoid re-running this script phase.\necho \"SUCCESS\" > \"${SCRIPT_OUTPUT_FILE_0}\"\n";
			showEnvVarsInLog = 0;
		};
/* End PBXShellScriptBuildPhase section */

/* Begin PBXSourcesBuildPhase section */
		1D929B8F2A9527FA000DA7D2 /* Sources */ = {
			isa = PBXSourcesBuildPhase;
			buildActionMask = 2147483647;
			files = (
				1D929B962A9527FA000DA7D2 /* PrintTicketTests.swift in Sources */,
			);
			runOnlyForDeploymentPostprocessing = 0;
		};
		1DDF14472A744CAF00811466 /* Sources */ = {
			isa = PBXSourcesBuildPhase;
			buildActionMask = 2147483647;
			files = (
				1DDF14532A744CAF00811466 /* ViewController.swift in Sources */,
				1DDF144F2A744CAF00811466 /* AppDelegate.swift in Sources */,
				1D929B9D2A952A38000DA7D2 /* TicketInteractor.swift in Sources */,
				1DDF14512A744CAF00811466 /* SceneDelegate.swift in Sources */,
				F2C344622A7B15E900A6CB2D /* ScannerViewController.swift in Sources */,
				F2C344602A7B152D00A6CB2D /* Date.swift in Sources */,
				F2C344642A7B1D4B00A6CB2D /* ResultViewController.swift in Sources */,
				F2C344682A7B2B7E00A6CB2D /* String.swift in Sources */,
				F2C344662A7B284500A6CB2D /* Double.swift in Sources */,
			);
			runOnlyForDeploymentPostprocessing = 0;
		};
/* End PBXSourcesBuildPhase section */

/* Begin PBXTargetDependency section */
		1D929B982A9527FA000DA7D2 /* PBXTargetDependency */ = {
			isa = PBXTargetDependency;
			target = 1DDF144A2A744CAF00811466 /* PrintTicket */;
			targetProxy = 1D929B972A9527FA000DA7D2 /* PBXContainerItemProxy */;
		};
/* End PBXTargetDependency section */

/* Begin PBXVariantGroup section */
		1DDF14542A744CAF00811466 /* Main.storyboard */ = {
			isa = PBXVariantGroup;
			children = (
				1DDF14552A744CAF00811466 /* Base */,
			);
			name = Main.storyboard;
			sourceTree = "<group>";
		};
		1DDF14592A744CB100811466 /* LaunchScreen.storyboard */ = {
			isa = PBXVariantGroup;
			children = (
				1DDF145A2A744CB100811466 /* Base */,
			);
			name = LaunchScreen.storyboard;
			sourceTree = "<group>";
		};
/* End PBXVariantGroup section */

/* Begin XCBuildConfiguration section */
		1D929B992A9527FA000DA7D2 /* Debug */ = {
			isa = XCBuildConfiguration;
			buildSettings = {
				BUNDLE_LOADER = "$(TEST_HOST)";
				CODE_SIGN_STYLE = Automatic;
				CURRENT_PROJECT_VERSION = 1;
				DEVELOPMENT_TEAM = 39M4SDFCNZ;
				GENERATE_INFOPLIST_FILE = YES;
				MARKETING_VERSION = 1.0;
				PRODUCT_BUNDLE_IDENTIFIER = mx.com.nut.PrintTicketTests;
				PRODUCT_NAME = "$(TARGET_NAME)";
				SWIFT_EMIT_LOC_STRINGS = NO;
				SWIFT_VERSION = 5.0;
				TARGETED_DEVICE_FAMILY = "1,2";
				TEST_HOST = "$(BUILT_PRODUCTS_DIR)/PrintTicket.app/$(BUNDLE_EXECUTABLE_FOLDER_PATH)/PrintTicket";
			};
			name = Debug;
		};
		1D929B9A2A9527FA000DA7D2 /* Release */ = {
			isa = XCBuildConfiguration;
			buildSettings = {
				BUNDLE_LOADER = "$(TEST_HOST)";
				CODE_SIGN_STYLE = Automatic;
				CURRENT_PROJECT_VERSION = 1;
				DEVELOPMENT_TEAM = 39M4SDFCNZ;
				GENERATE_INFOPLIST_FILE = YES;
				MARKETING_VERSION = 1.0;
				PRODUCT_BUNDLE_IDENTIFIER = mx.com.nut.PrintTicketTests;
				PRODUCT_NAME = "$(TARGET_NAME)";
				SWIFT_EMIT_LOC_STRINGS = NO;
				SWIFT_VERSION = 5.0;
				TARGETED_DEVICE_FAMILY = "1,2";
				TEST_HOST = "$(BUILT_PRODUCTS_DIR)/PrintTicket.app/$(BUNDLE_EXECUTABLE_FOLDER_PATH)/PrintTicket";
			};
			name = Release;
		};
		1DDF145D2A744CB100811466 /* Debug */ = {
			isa = XCBuildConfiguration;
			buildSettings = {
				ALWAYS_SEARCH_USER_PATHS = NO;
				CLANG_ANALYZER_NONNULL = YES;
				CLANG_ANALYZER_NUMBER_OBJECT_CONVERSION = YES_AGGRESSIVE;
				CLANG_CXX_LANGUAGE_STANDARD = "gnu++20";
				CLANG_ENABLE_MODULES = YES;
				CLANG_ENABLE_OBJC_ARC = YES;
				CLANG_ENABLE_OBJC_WEAK = YES;
				CLANG_WARN_BLOCK_CAPTURE_AUTORELEASING = YES;
				CLANG_WARN_BOOL_CONVERSION = YES;
				CLANG_WARN_COMMA = YES;
				CLANG_WARN_CONSTANT_CONVERSION = YES;
				CLANG_WARN_DEPRECATED_OBJC_IMPLEMENTATIONS = YES;
				CLANG_WARN_DIRECT_OBJC_ISA_USAGE = YES_ERROR;
				CLANG_WARN_DOCUMENTATION_COMMENTS = YES;
				CLANG_WARN_EMPTY_BODY = YES;
				CLANG_WARN_ENUM_CONVERSION = YES;
				CLANG_WARN_INFINITE_RECURSION = YES;
				CLANG_WARN_INT_CONVERSION = YES;
				CLANG_WARN_NON_LITERAL_NULL_CONVERSION = YES;
				CLANG_WARN_OBJC_IMPLICIT_RETAIN_SELF = YES;
				CLANG_WARN_OBJC_LITERAL_CONVERSION = YES;
				CLANG_WARN_OBJC_ROOT_CLASS = YES_ERROR;
				CLANG_WARN_QUOTED_INCLUDE_IN_FRAMEWORK_HEADER = YES;
				CLANG_WARN_RANGE_LOOP_ANALYSIS = YES;
				CLANG_WARN_STRICT_PROTOTYPES = YES;
				CLANG_WARN_SUSPICIOUS_MOVE = YES;
				CLANG_WARN_UNGUARDED_AVAILABILITY = YES_AGGRESSIVE;
				CLANG_WARN_UNREACHABLE_CODE = YES;
				CLANG_WARN__DUPLICATE_METHOD_MATCH = YES;
				COPY_PHASE_STRIP = NO;
				DEBUG_INFORMATION_FORMAT = dwarf;
				ENABLE_STRICT_OBJC_MSGSEND = YES;
				ENABLE_TESTABILITY = YES;
				GCC_C_LANGUAGE_STANDARD = gnu11;
				GCC_DYNAMIC_NO_PIC = NO;
				GCC_NO_COMMON_BLOCKS = YES;
				GCC_OPTIMIZATION_LEVEL = 0;
				GCC_PREPROCESSOR_DEFINITIONS = (
					"DEBUG=1",
					"$(inherited)",
				);
				GCC_WARN_64_TO_32_BIT_CONVERSION = YES;
				GCC_WARN_ABOUT_RETURN_TYPE = YES_ERROR;
				GCC_WARN_UNDECLARED_SELECTOR = YES;
				GCC_WARN_UNINITIALIZED_AUTOS = YES_AGGRESSIVE;
				GCC_WARN_UNUSED_FUNCTION = YES;
				GCC_WARN_UNUSED_VARIABLE = YES;
				IPHONEOS_DEPLOYMENT_TARGET = 16.4;
				MTL_ENABLE_DEBUG_INFO = INCLUDE_SOURCE;
				MTL_FAST_MATH = YES;
				ONLY_ACTIVE_ARCH = YES;
				SDKROOT = iphoneos;
				SWIFT_ACTIVE_COMPILATION_CONDITIONS = DEBUG;
				SWIFT_OPTIMIZATION_LEVEL = "-Onone";
			};
			name = Debug;
		};
		1DDF145E2A744CB100811466 /* Release */ = {
			isa = XCBuildConfiguration;
			buildSettings = {
				ALWAYS_SEARCH_USER_PATHS = NO;
				CLANG_ANALYZER_NONNULL = YES;
				CLANG_ANALYZER_NUMBER_OBJECT_CONVERSION = YES_AGGRESSIVE;
				CLANG_CXX_LANGUAGE_STANDARD = "gnu++20";
				CLANG_ENABLE_MODULES = YES;
				CLANG_ENABLE_OBJC_ARC = YES;
				CLANG_ENABLE_OBJC_WEAK = YES;
				CLANG_WARN_BLOCK_CAPTURE_AUTORELEASING = YES;
				CLANG_WARN_BOOL_CONVERSION = YES;
				CLANG_WARN_COMMA = YES;
				CLANG_WARN_CONSTANT_CONVERSION = YES;
				CLANG_WARN_DEPRECATED_OBJC_IMPLEMENTATIONS = YES;
				CLANG_WARN_DIRECT_OBJC_ISA_USAGE = YES_ERROR;
				CLANG_WARN_DOCUMENTATION_COMMENTS = YES;
				CLANG_WARN_EMPTY_BODY = YES;
				CLANG_WARN_ENUM_CONVERSION = YES;
				CLANG_WARN_INFINITE_RECURSION = YES;
				CLANG_WARN_INT_CONVERSION = YES;
				CLANG_WARN_NON_LITERAL_NULL_CONVERSION = YES;
				CLANG_WARN_OBJC_IMPLICIT_RETAIN_SELF = YES;
				CLANG_WARN_OBJC_LITERAL_CONVERSION = YES;
				CLANG_WARN_OBJC_ROOT_CLASS = YES_ERROR;
				CLANG_WARN_QUOTED_INCLUDE_IN_FRAMEWORK_HEADER = YES;
				CLANG_WARN_RANGE_LOOP_ANALYSIS = YES;
				CLANG_WARN_STRICT_PROTOTYPES = YES;
				CLANG_WARN_SUSPICIOUS_MOVE = YES;
				CLANG_WARN_UNGUARDED_AVAILABILITY = YES_AGGRESSIVE;
				CLANG_WARN_UNREACHABLE_CODE = YES;
				CLANG_WARN__DUPLICATE_METHOD_MATCH = YES;
				COPY_PHASE_STRIP = NO;
				DEBUG_INFORMATION_FORMAT = "dwarf-with-dsym";
				ENABLE_NS_ASSERTIONS = NO;
				ENABLE_STRICT_OBJC_MSGSEND = YES;
				GCC_C_LANGUAGE_STANDARD = gnu11;
				GCC_NO_COMMON_BLOCKS = YES;
				GCC_WARN_64_TO_32_BIT_CONVERSION = YES;
				GCC_WARN_ABOUT_RETURN_TYPE = YES_ERROR;
				GCC_WARN_UNDECLARED_SELECTOR = YES;
				GCC_WARN_UNINITIALIZED_AUTOS = YES_AGGRESSIVE;
				GCC_WARN_UNUSED_FUNCTION = YES;
				GCC_WARN_UNUSED_VARIABLE = YES;
				IPHONEOS_DEPLOYMENT_TARGET = 16.4;
				MTL_ENABLE_DEBUG_INFO = NO;
				MTL_FAST_MATH = YES;
				SDKROOT = iphoneos;
				SWIFT_COMPILATION_MODE = wholemodule;
				SWIFT_OPTIMIZATION_LEVEL = "-O";
				VALIDATE_PRODUCT = YES;
			};
			name = Release;
		};
		1DDF14602A744CB100811466 /* Debug */ = {
			isa = XCBuildConfiguration;
			baseConfigurationReference = 89C7F9A9FF9110755D885852 /* Pods-PrintTicket.debug.xcconfig */;
			buildSettings = {
				ASSETCATALOG_COMPILER_APPICON_NAME = AppIcon;
				ASSETCATALOG_COMPILER_GLOBAL_ACCENT_COLOR_NAME = AccentColor;
				CODE_SIGN_STYLE = Automatic;
				CURRENT_PROJECT_VERSION = 1;
				DEVELOPMENT_TEAM = MC2W678MVZ;
				GENERATE_INFOPLIST_FILE = YES;
				INFOPLIST_FILE = PrintTicket/Info.plist;
				INFOPLIST_KEY_NSBluetoothAlwaysUsageDescription = "Necesito conectarme a la impresora";
				INFOPLIST_KEY_NSCameraUsageDescription = "Necesito escanear el codigo QR";
				INFOPLIST_KEY_UIApplicationSupportsIndirectInputEvents = YES;
				INFOPLIST_KEY_UILaunchStoryboardName = LaunchScreen;
				INFOPLIST_KEY_UIMainStoryboardFile = Main;
				INFOPLIST_KEY_UISupportedInterfaceOrientations = UIInterfaceOrientationPortrait;
				IPHONEOS_DEPLOYMENT_TARGET = 15.0;
				LD_RUNPATH_SEARCH_PATHS = (
					"$(inherited)",
					"@executable_path/Frameworks",
				);
				MARKETING_VERSION = 1.0;
				PRODUCT_BUNDLE_IDENTIFIER = com.nut.PrintTicket;
				PRODUCT_NAME = "$(TARGET_NAME)";
				SWIFT_EMIT_LOC_STRINGS = YES;
				SWIFT_VERSION = 5.0;
				TARGETED_DEVICE_FAMILY = "1,2";
			};
			name = Debug;
		};
		1DDF14612A744CB100811466 /* Release */ = {
			isa = XCBuildConfiguration;
			baseConfigurationReference = 635096FCDADDD1DBC1773CC0 /* Pods-PrintTicket.release.xcconfig */;
			buildSettings = {
				ASSETCATALOG_COMPILER_APPICON_NAME = AppIcon;
				ASSETCATALOG_COMPILER_GLOBAL_ACCENT_COLOR_NAME = AccentColor;
				CODE_SIGN_STYLE = Automatic;
				CURRENT_PROJECT_VERSION = 1;
				DEVELOPMENT_TEAM = MC2W678MVZ;
				GENERATE_INFOPLIST_FILE = YES;
				INFOPLIST_FILE = PrintTicket/Info.plist;
				INFOPLIST_KEY_NSBluetoothAlwaysUsageDescription = "Necesito conectarme a la impresora";
				INFOPLIST_KEY_NSCameraUsageDescription = "Necesito escanear el codigo QR";
				INFOPLIST_KEY_UIApplicationSupportsIndirectInputEvents = YES;
				INFOPLIST_KEY_UILaunchStoryboardName = LaunchScreen;
				INFOPLIST_KEY_UIMainStoryboardFile = Main;
				INFOPLIST_KEY_UISupportedInterfaceOrientations = UIInterfaceOrientationPortrait;
				IPHONEOS_DEPLOYMENT_TARGET = 15.0;
				LD_RUNPATH_SEARCH_PATHS = (
					"$(inherited)",
					"@executable_path/Frameworks",
				);
				MARKETING_VERSION = 1.0;
				PRODUCT_BUNDLE_IDENTIFIER = com.nut.PrintTicket;
				PRODUCT_NAME = "$(TARGET_NAME)";
				SWIFT_EMIT_LOC_STRINGS = YES;
				SWIFT_VERSION = 5.0;
				TARGETED_DEVICE_FAMILY = "1,2";
			};
			name = Release;
		};
/* End XCBuildConfiguration section */

/* Begin XCConfigurationList section */
		1D929B9B2A9527FA000DA7D2 /* Build configuration list for PBXNativeTarget "PrintTicketTests" */ = {
			isa = XCConfigurationList;
			buildConfigurations = (
				1D929B992A9527FA000DA7D2 /* Debug */,
				1D929B9A2A9527FA000DA7D2 /* Release */,
			);
			defaultConfigurationIsVisible = 0;
			defaultConfigurationName = Release;
		};
		1DDF14462A744CAF00811466 /* Build configuration list for PBXProject "PrintTicket" */ = {
			isa = XCConfigurationList;
			buildConfigurations = (
				1DDF145D2A744CB100811466 /* Debug */,
				1DDF145E2A744CB100811466 /* Release */,
			);
			defaultConfigurationIsVisible = 0;
			defaultConfigurationName = Release;
		};
		1DDF145F2A744CB100811466 /* Build configuration list for PBXNativeTarget "PrintTicket" */ = {
			isa = XCConfigurationList;
			buildConfigurations = (
				1DDF14602A744CB100811466 /* Debug */,
				1DDF14612A744CB100811466 /* Release */,
			);
			defaultConfigurationIsVisible = 0;
			defaultConfigurationName = Release;
		};
/* End XCConfigurationList section */
	};
	rootObject = 1DDF14432A744CAF00811466 /* Project object */;
}
